
Microsoft Visual Studio Solution File, Format Version 12.00
# Visual Studio Version 17
VisualStudioVersion = 17.3.32811.315
MinimumVisualStudioVersion = 10.0.40219.1
Project("{FAE04EC0-301F-11D3-BF4B-00C04F79EFBC}") = "RabbitMQConsumer", "RabbitMQConsumer.csproj", "{623C95D8-ACEA-4778-B98D-21C7183D740E}"
EndProject
Global
	GlobalSection(SolutionConfigurationPlatforms) = preSolution
		Debug|Any CPU = Debug|Any CPU
		Release|Any CPU = Release|Any CPU
	EndGlobalSection
	GlobalSection(ProjectConfigurationPlatforms) = postSolution
		{623C95D8-ACEA-4778-B98D-21C7183D740E}.Debug|Any CPU.ActiveCfg = Debug|Any CPU
		{623C95D8-ACEA-4778-B98D-21C7183D740E}.Debug|Any CPU.Build.0 = Debug|Any CPU
		{623C95D8-ACEA-4778-B98D-21C7183D740E}.Release|Any CPU.ActiveCfg = Release|Any CPU
		{623C95D8-ACEA-4778-B98D-21C7183D740E}.Release|Any CPU.Build.0 = Release|Any CPU
	EndGlobalSection
	GlobalSection(SolutionProperties) = preSolution
		HideSolutionNode = FALSE
	EndGlobalSection
	GlobalSection(ExtensibilityGlobals) = postSolution
		SolutionGuid = {F109798B-C63F-4E83-AA18-57E9DF14C6A0}
	EndGlobalSection
EndGlobal
